
Microsoft Visual Studio Solution File, Format Version 12.00
# Visual Studio Version 16
VisualStudioVersion = 16.0.29728.190
MinimumVisualStudioVersion = 10.0.40219.1
Project("{9A19103F-16F7-4668-BE54-9A1E7A4F7556}") = "RandomUser.API", "RandomUser.API.csproj", "{A14D7ADD-D857-4332-851A-6AF2BE60C840}"
EndProject
Project("{9A19103F-16F7-4668-BE54-9A1E7A4F7556}") = "RandomUser.Data", "..\RandomUser.Data\RandomUser.Data.csproj", "{BD2EB5B6-3FE7-4C90-A608-00AFEEB6591E}"
EndProject
Global
	GlobalSection(SolutionConfigurationPlatforms) = preSolution
		Debug|Any CPU = Debug|Any CPU
		Release|Any CPU = Release|Any CPU
	EndGlobalSection
	GlobalSection(ProjectConfigurationPlatforms) = postSolution
		{A14D7ADD-D857-4332-851A-6AF2BE60C840}.Debug|Any CPU.ActiveCfg = Debug|Any CPU
		{A14D7ADD-D857-4332-851A-6AF2BE60C840}.Debug|Any CPU.Build.0 = Debug|Any CPU
		{A14D7ADD-D857-4332-851A-6AF2BE60C840}.Release|Any CPU.ActiveCfg = Release|Any CPU
		{A14D7ADD-D857-4332-851A-6AF2BE60C840}.Release|Any CPU.Build.0 = Release|Any CPU
		{BD2EB5B6-3FE7-4C90-A608-00AFEEB6591E}.Debug|Any CPU.ActiveCfg = Debug|Any CPU
		{BD2EB5B6-3FE7-4C90-A608-00AFEEB6591E}.Debug|Any CPU.Build.0 = Debug|Any CPU
		{BD2EB5B6-3FE7-4C90-A608-00AFEEB6591E}.Release|Any CPU.ActiveCfg = Release|Any CPU
		{BD2EB5B6-3FE7-4C90-A608-00AFEEB6591E}.Release|Any CPU.Build.0 = Release|Any CPU
	EndGlobalSection
	GlobalSection(SolutionProperties) = preSolution
		HideSolutionNode = FALSE
	EndGlobalSection
	GlobalSection(ExtensibilityGlobals) = postSolution
		SolutionGuid = {0EB4F2C4-2BB3-41A6-A82A-4003E2950486}
	EndGlobalSection
EndGlobal
